
Microsoft Visual Studio Solution File, Format Version 12.00
# Visual Studio Version 17
VisualStudioVersion = 17.4.33110.190
MinimumVisualStudioVersion = 10.0.40219.1
Project("{FAE04EC0-301F-11D3-BF4B-00C04F79EFBC}") = "LivroAbstract", "LivroAbstract\LivroAbstract.csproj", "{36BC1E08-0FF4-4838-9080-CDE8A76C95EF}"
EndProject
Global
	GlobalSection(SolutionConfigurationPlatforms) = preSolution
		Debug|Any CPU = Debug|Any CPU
		Release|Any CPU = Release|Any CPU
	EndGlobalSection
	GlobalSection(ProjectConfigurationPlatforms) = postSolution
		{36BC1E08-0FF4-4838-9080-CDE8A76C95EF}.Debug|Any CPU.ActiveCfg = Debug|Any CPU
		{36BC1E08-0FF4-4838-9080-CDE8A76C95EF}.Debug|Any CPU.Build.0 = Debug|Any CPU
		{36BC1E08-0FF4-4838-9080-CDE8A76C95EF}.Release|Any CPU.ActiveCfg = Release|Any CPU
		{36BC1E08-0FF4-4838-9080-CDE8A76C95EF}.Release|Any CPU.Build.0 = Release|Any CPU
	EndGlobalSection
	GlobalSection(SolutionProperties) = preSolution
		HideSolutionNode = FALSE
	EndGlobalSection
	GlobalSection(ExtensibilityGlobals) = postSolution
		SolutionGuid = {1AA444B1-D6BF-4025-8F11-033B638A7B27}
	EndGlobalSection
EndGlobal
